
Microsoft Visual Studio Solution File, Format Version 12.00
# Visual Studio 15
Project("{FAE04EC0-301F-11D3-BF4B-00C04F79EFBC}") = "Assembly-CSharp", "Assembly-CSharp.csproj", "{7FEDE318-FDAB-7594-A545-DF302252D011}"
EndProject
Project("{FAE04EC0-301F-11D3-BF4B-00C04F79EFBC}") = "Sirenix.OdinInspector.CompatibilityLayer", "Sirenix.OdinInspector.CompatibilityLayer.csproj", "{4E84B64C-F6CB-3E51-875B-7ACEC6DEAC58}"
EndProject
Project("{FAE04EC0-301F-11D3-BF4B-00C04F79EFBC}") = "Sirenix.OdinInspector.CompatibilityLayer.Editor", "Sirenix.OdinInspector.CompatibilityLayer.Editor.csproj", "{37850A10-A9FE-4F49-5FB5-CA9D9B688E04}"
EndProject
Global
	GlobalSection(SolutionConfigurationPlatforms) = preSolution
		Debug|Any CPU = Debug|Any CPU
		Release|Any CPU = Release|Any CPU
	EndGlobalSection
	GlobalSection(ProjectConfigurationPlatforms) = postSolution
		{7FEDE318-FDAB-7594-A545-DF302252D011}.Debug|Any CPU.ActiveCfg = Debug|Any CPU
		{7FEDE318-FDAB-7594-A545-DF302252D011}.Debug|Any CPU.Build.0 = Debug|Any CPU
		{7FEDE318-FDAB-7594-A545-DF302252D011}.Release|Any CPU.ActiveCfg = Release|Any CPU
		{7FEDE318-FDAB-7594-A545-DF302252D011}.Release|Any CPU.Build.0 = Release|Any CPU
		{4E84B64C-F6CB-3E51-875B-7ACEC6DEAC58}.Debug|Any CPU.ActiveCfg = Debug|Any CPU
		{4E84B64C-F6CB-3E51-875B-7ACEC6DEAC58}.Debug|Any CPU.Build.0 = Debug|Any CPU
		{4E84B64C-F6CB-3E51-875B-7ACEC6DEAC58}.Release|Any CPU.ActiveCfg = Release|Any CPU
		{4E84B64C-F6CB-3E51-875B-7ACEC6DEAC58}.Release|Any CPU.Build.0 = Release|Any CPU
		{37850A10-A9FE-4F49-5FB5-CA9D9B688E04}.Debug|Any CPU.ActiveCfg = Debug|Any CPU
		{37850A10-A9FE-4F49-5FB5-CA9D9B688E04}.Debug|Any CPU.Build.0 = Debug|Any CPU
		{37850A10-A9FE-4F49-5FB5-CA9D9B688E04}.Release|Any CPU.ActiveCfg = Release|Any CPU
		{37850A10-A9FE-4F49-5FB5-CA9D9B688E04}.Release|Any CPU.Build.0 = Release|Any CPU
	EndGlobalSection
	GlobalSection(SolutionProperties) = preSolution
		HideSolutionNode = FALSE
	EndGlobalSection
EndGlobal
